
Microsoft Visual Studio Solution File, Format Version 12.00
# Visual Studio 15
VisualStudioVersion = 15.0.27004.2002
MinimumVisualStudioVersion = 10.0.40219.1
Project("{FAE04EC0-301F-11D3-BF4B-00C04F79EFBC}") = "react-sun-crossword", "react-sun-crossword\react-sun-crossword.csproj", "{E4581EA8-A2EC-43E1-8B9B-87A46CB8CCE2}"
EndProject
Project("{FAE04EC0-301F-11D3-BF4B-00C04F79EFBC}") = "docs", "docs\docs.csproj", "{06329134-224F-4253-A524-B0E1C4E11417}"
EndProject
Project("{FAE04EC0-301F-11D3-BF4B-00C04F79EFBC}") = "DocCopy", "DocCopy\DocCopy.csproj", "{E185C0E3-6292-4FB0-9991-7CB1E9187158}"
EndProject
Project("{FAE04EC0-301F-11D3-BF4B-00C04F79EFBC}") = "WebApplicationDebugTest", "WebApplicationDebugTest\WebApplicationDebugTest.csproj", "{68398B72-3E7A-46A5-8F61-A801A032D2D3}"
EndProject
Global
	GlobalSection(SolutionConfigurationPlatforms) = preSolution
		Debug|Any CPU = Debug|Any CPU
		Release|Any CPU = Release|Any CPU
	EndGlobalSection
	GlobalSection(ProjectConfigurationPlatforms) = postSolution
		{E4581EA8-A2EC-43E1-8B9B-87A46CB8CCE2}.Debug|Any CPU.ActiveCfg = Debug|Any CPU
		{E4581EA8-A2EC-43E1-8B9B-87A46CB8CCE2}.Debug|Any CPU.Build.0 = Debug|Any CPU
		{E4581EA8-A2EC-43E1-8B9B-87A46CB8CCE2}.Release|Any CPU.ActiveCfg = Release|Any CPU
		{E4581EA8-A2EC-43E1-8B9B-87A46CB8CCE2}.Release|Any CPU.Build.0 = Release|Any CPU
		{06329134-224F-4253-A524-B0E1C4E11417}.Debug|Any CPU.ActiveCfg = Debug|Any CPU
		{06329134-224F-4253-A524-B0E1C4E11417}.Debug|Any CPU.Build.0 = Debug|Any CPU
		{06329134-224F-4253-A524-B0E1C4E11417}.Release|Any CPU.ActiveCfg = Release|Any CPU
		{06329134-224F-4253-A524-B0E1C4E11417}.Release|Any CPU.Build.0 = Release|Any CPU
		{E185C0E3-6292-4FB0-9991-7CB1E9187158}.Debug|Any CPU.ActiveCfg = Debug|Any CPU
		{E185C0E3-6292-4FB0-9991-7CB1E9187158}.Debug|Any CPU.Build.0 = Debug|Any CPU
		{E185C0E3-6292-4FB0-9991-7CB1E9187158}.Release|Any CPU.ActiveCfg = Release|Any CPU
		{E185C0E3-6292-4FB0-9991-7CB1E9187158}.Release|Any CPU.Build.0 = Release|Any CPU
		{68398B72-3E7A-46A5-8F61-A801A032D2D3}.Debug|Any CPU.ActiveCfg = Debug|Any CPU
		{68398B72-3E7A-46A5-8F61-A801A032D2D3}.Debug|Any CPU.Build.0 = Debug|Any CPU
		{68398B72-3E7A-46A5-8F61-A801A032D2D3}.Release|Any CPU.ActiveCfg = Release|Any CPU
		{68398B72-3E7A-46A5-8F61-A801A032D2D3}.Release|Any CPU.Build.0 = Release|Any CPU
	EndGlobalSection
	GlobalSection(SolutionProperties) = preSolution
		HideSolutionNode = FALSE
	EndGlobalSection
	GlobalSection(ExtensibilityGlobals) = postSolution
		SolutionGuid = {712AE5C0-9A68-479C-951C-3392CE15249A}
	EndGlobalSection
EndGlobal
